# THIS IS AN AUTOGENERATED FILE. DO NOT EDIT THIS FILE DIRECTLY.
# yarn lockfile v1


codemirror@^5.42.2:
  version "5.42.2"
  resolved "https://registry.yarnpkg.com/codemirror/-/codemirror-5.42.2.tgz#801ab715a7a7e1c7ed4162b78e9d8138b98de8f0"
  integrity sha512-Tkv6im39VuhduFMsDA3MlXcC/kKas3Z0PI1/8N88QvFQbtOeiiwnfFJE4juGyC8/a4sb1BSxQlzsil8XLQdxRw==
